
Microsoft Visual Studio Solution File, Format Version 12.00
# Visual Studio Version 16
VisualStudioVersion = 16.0.31321.278
MinimumVisualStudioVersion = 10.0.40219.1
Project("{FAE04EC0-301F-11D3-BF4B-00C04F79EFBC}") = "LAB6_SEM3", "LAB6_SEM3.csproj", "{ED13536E-052B-459D-87F2-592996ACB2EB}"
EndProject
Global
	GlobalSection(SolutionConfigurationPlatforms) = preSolution
		Debug|Any CPU = Debug|Any CPU
		Release|Any CPU = Release|Any CPU
	EndGlobalSection
	GlobalSection(ProjectConfigurationPlatforms) = postSolution
		{ED13536E-052B-459D-87F2-592996ACB2EB}.Debug|Any CPU.ActiveCfg = Debug|Any CPU
		{ED13536E-052B-459D-87F2-592996ACB2EB}.Debug|Any CPU.Build.0 = Debug|Any CPU
		{ED13536E-052B-459D-87F2-592996ACB2EB}.Release|Any CPU.ActiveCfg = Release|Any CPU
		{ED13536E-052B-459D-87F2-592996ACB2EB}.Release|Any CPU.Build.0 = Release|Any CPU
	EndGlobalSection
	GlobalSection(SolutionProperties) = preSolution
		HideSolutionNode = FALSE
	EndGlobalSection
	GlobalSection(ExtensibilityGlobals) = postSolution
		SolutionGuid = {AC1AC9CD-B137-4C1D-AAAC-66BA1A6BA059}
	EndGlobalSection
EndGlobal
